Microsoft Visual Studio Solution File, Format Version 12.00
# Visual Studio Version 17
VisualStudioVersion = 17.5.2.0
MinimumVisualStudioVersion = 10.0.40219.1
Project("{2150E333-8FDC-42A3-9474-1A3956D46DE8}") = "19-may-2025", "19-may-2025", "{56FE201D-E053-845C-FA9D-34E9117F242C}"
EndProject
Project("{FAE04EC0-301F-11D3-BF4B-00C04F79EFBC}") = "checkuser", "19-may-2025\4.checkuser\checkuser.csproj", "{E6AFD449-F08D-8057-AF22-FDC1AE238C8F}"
EndProject
Project("{FAE04EC0-301F-11D3-BF4B-00C04F79EFBC}") = "12.encrypt", "19-may-2025\12.encrypt\12.encrypt.csproj", "{94F4B6A5-3321-6A7B-5FD6-B5B7C0141A41}"
EndProject
Project("{FAE04EC0-301F-11D3-BF4B-00C04F79EFBC}") = "magicword", "19-may-2025\9.magicword\magicword.csproj", "{7EE273DC-3621-65EE-60DB-D9078E709CC9}"
EndProject
Project("{FAE04EC0-301F-11D3-BF4B-00C04F79EFBC}") = "sudokurow", "19-may-2025\10.sudokurow\sudokurow.csproj", "{9EB1E64F-C35C-35BB-38EC-7A4963A4948E}"
EndProject
Project("{FAE04EC0-301F-11D3-BF4B-00C04F79EFBC}") = "rotation", "19-may-2025\7.rotation\rotation.csproj", "{D8958860-C7EB-E85E-C4B2-D09CEEEF0517}"
EndProject
Project("{FAE04EC0-301F-11D3-BF4B-00C04F79EFBC}") = "11.validsoduku", "19-may-2025\11.validsudoku\11.validsoduku.csproj", "{0CC607FA-DF26-E946-20C4-7D143CD5EEFB}"
EndProject
Project("{FAE04EC0-301F-11D3-BF4B-00C04F79EFBC}") = "frequency", "19-may-2025\6.frequency\frequency.csproj", "{84A1FC01-C332-53A0-9B61-A4301C8AC401}"
EndProject
Project("{FAE04EC0-301F-11D3-BF4B-00C04F79EFBC}") = "divisiblity", "19-may-2025\5.divisiblity\divisiblity.csproj", "{AAF5170F-8C43-6248-FD97-E5509CF9F1E7}"
EndProject
Project("{FAE04EC0-301F-11D3-BF4B-00C04F79EFBC}") = "MyConsoleApp", "19-may-2025\Task1-3\MyConsoleApp.csproj", "{E432EC0F-E50D-115C-6681-47664A61317C}"
EndProject
Project("{FAE04EC0-301F-11D3-BF4B-00C04F79EFBC}") = "mergeArray", "19-may-2025\8.mergeArray\mergeArray.csproj", "{E8AC7783-1F88-CB07-EAE1-821092FBB73C}"
EndProject
Global
	GlobalSection(SolutionConfigurationPlatforms) = preSolution
		Debug|Any CPU = Debug|Any CPU
		Release|Any CPU = Release|Any CPU
	EndGlobalSection
	GlobalSection(ProjectConfigurationPlatforms) = postSolution
		{E6AFD449-F08D-8057-AF22-FDC1AE238C8F}.Debug|Any CPU.ActiveCfg = Debug|Any CPU
		{E6AFD449-F08D-8057-AF22-FDC1AE238C8F}.Debug|Any CPU.Build.0 = Debug|Any CPU
		{E6AFD449-F08D-8057-AF22-FDC1AE238C8F}.Release|Any CPU.ActiveCfg = Release|Any CPU
		{E6AFD449-F08D-8057-AF22-FDC1AE238C8F}.Release|Any CPU.Build.0 = Release|Any CPU
		{94F4B6A5-3321-6A7B-5FD6-B5B7C0141A41}.Debug|Any CPU.ActiveCfg = Debug|Any CPU
		{94F4B6A5-3321-6A7B-5FD6-B5B7C0141A41}.Debug|Any CPU.Build.0 = Debug|Any CPU
		{94F4B6A5-3321-6A7B-5FD6-B5B7C0141A41}.Release|Any CPU.ActiveCfg = Release|Any CPU
		{94F4B6A5-3321-6A7B-5FD6-B5B7C0141A41}.Release|Any CPU.Build.0 = Release|Any CPU
		{7EE273DC-3621-65EE-60DB-D9078E709CC9}.Debug|Any CPU.ActiveCfg = Debug|Any CPU
		{7EE273DC-3621-65EE-60DB-D9078E709CC9}.Debug|Any CPU.Build.0 = Debug|Any CPU
		{7EE273DC-3621-65EE-60DB-D9078E709CC9}.Release|Any CPU.ActiveCfg = Release|Any CPU
		{7EE273DC-3621-65EE-60DB-D9078E709CC9}.Release|Any CPU.Build.0 = Release|Any CPU
		{9EB1E64F-C35C-35BB-38EC-7A4963A4948E}.Debug|Any CPU.ActiveCfg = Debug|Any CPU
		{9EB1E64F-C35C-35BB-38EC-7A4963A4948E}.Debug|Any CPU.Build.0 = Debug|Any CPU
		{9EB1E64F-C35C-35BB-38EC-7A4963A4948E}.Release|Any CPU.ActiveCfg = Release|Any CPU
		{9EB1E64F-C35C-35BB-38EC-7A4963A4948E}.Release|Any CPU.Build.0 = Release|Any CPU
		{D8958860-C7EB-E85E-C4B2-D09CEEEF0517}.Debug|Any CPU.ActiveCfg = Debug|Any CPU
		{D8958860-C7EB-E85E-C4B2-D09CEEEF0517}.Debug|Any CPU.Build.0 = Debug|Any CPU
		{D8958860-C7EB-E85E-C4B2-D09CEEEF0517}.Release|Any CPU.ActiveCfg = Release|Any CPU
		{D8958860-C7EB-E85E-C4B2-D09CEEEF0517}.Release|Any CPU.Build.0 = Release|Any CPU
		{0CC607FA-DF26-E946-20C4-7D143CD5EEFB}.Debug|Any CPU.ActiveCfg = Debug|Any CPU
		{0CC607FA-DF26-E946-20C4-7D143CD5EEFB}.Debug|Any CPU.Build.0 = Debug|Any CPU
		{0CC607FA-DF26-E946-20C4-7D143CD5EEFB}.Release|Any CPU.ActiveCfg = Release|Any CPU
		{0CC607FA-DF26-E946-20C4-7D143CD5EEFB}.Release|Any CPU.Build.0 = Release|Any CPU
		{84A1FC01-C332-53A0-9B61-A4301C8AC401}.Debug|Any CPU.ActiveCfg = Debug|Any CPU
		{84A1FC01-C332-53A0-9B61-A4301C8AC401}.Debug|Any CPU.Build.0 = Debug|Any CPU
		{84A1FC01-C332-53A0-9B61-A4301C8AC401}.Release|Any CPU.ActiveCfg = Release|Any CPU
		{84A1FC01-C332-53A0-9B61-A4301C8AC401}.Release|Any CPU.Build.0 = Release|Any CPU
		{AAF5170F-8C43-6248-FD97-E5509CF9F1E7}.Debug|Any CPU.ActiveCfg = Debug|Any CPU
		{AAF5170F-8C43-6248-FD97-E5509CF9F1E7}.Debug|Any CPU.Build.0 = Debug|Any CPU
		{AAF5170F-8C43-6248-FD97-E5509CF9F1E7}.Release|Any CPU.ActiveCfg = Release|Any CPU
		{AAF5170F-8C43-6248-FD97-E5509CF9F1E7}.Release|Any CPU.Build.0 = Release|Any CPU
		{E432EC0F-E50D-115C-6681-47664A61317C}.Debug|Any CPU.ActiveCfg = Debug|Any CPU
		{E432EC0F-E50D-115C-6681-47664A61317C}.Debug|Any CPU.Build.0 = Debug|Any CPU
		{E432EC0F-E50D-115C-6681-47664A61317C}.Release|Any CPU.ActiveCfg = Release|Any CPU
		{E432EC0F-E50D-115C-6681-47664A61317C}.Release|Any CPU.Build.0 = Release|Any CPU
		{E8AC7783-1F88-CB07-EAE1-821092FBB73C}.Debug|Any CPU.ActiveCfg = Debug|Any CPU
		{E8AC7783-1F88-CB07-EAE1-821092FBB73C}.Debug|Any CPU.Build.0 = Debug|Any CPU
		{E8AC7783-1F88-CB07-EAE1-821092FBB73C}.Release|Any CPU.ActiveCfg = Release|Any CPU
		{E8AC7783-1F88-CB07-EAE1-821092FBB73C}.Release|Any CPU.Build.0 = Release|Any CPU
	EndGlobalSection
	GlobalSection(SolutionProperties) = preSolution
		HideSolutionNode = FALSE
	EndGlobalSection
	GlobalSection(NestedProjects) = preSolution
		{E6AFD449-F08D-8057-AF22-FDC1AE238C8F} = {56FE201D-E053-845C-FA9D-34E9117F242C}
		{94F4B6A5-3321-6A7B-5FD6-B5B7C0141A41} = {56FE201D-E053-845C-FA9D-34E9117F242C}
		{7EE273DC-3621-65EE-60DB-D9078E709CC9} = {56FE201D-E053-845C-FA9D-34E9117F242C}
		{9EB1E64F-C35C-35BB-38EC-7A4963A4948E} = {56FE201D-E053-845C-FA9D-34E9117F242C}
		{D8958860-C7EB-E85E-C4B2-D09CEEEF0517} = {56FE201D-E053-845C-FA9D-34E9117F242C}
		{0CC607FA-DF26-E946-20C4-7D143CD5EEFB} = {56FE201D-E053-845C-FA9D-34E9117F242C}
		{84A1FC01-C332-53A0-9B61-A4301C8AC401} = {56FE201D-E053-845C-FA9D-34E9117F242C}
		{AAF5170F-8C43-6248-FD97-E5509CF9F1E7} = {56FE201D-E053-845C-FA9D-34E9117F242C}
		{E432EC0F-E50D-115C-6681-47664A61317C} = {56FE201D-E053-845C-FA9D-34E9117F242C}
		{E8AC7783-1F88-CB07-EAE1-821092FBB73C} = {56FE201D-E053-845C-FA9D-34E9117F242C}
	EndGlobalSection
	GlobalSection(ExtensibilityGlobals) = postSolution
		SolutionGuid = {677DC702-CA69-4BE5-997D-1F059E0E8085}
	EndGlobalSection
EndGlobal
