Microsoft Visual Studio Solution File, Format Version 12.00
# Visual Studio Version 17
VisualStudioVersion = 17.5.2.0
MinimumVisualStudioVersion = 10.0.40219.1
Project("{FAE04EC0-301F-11D3-BF4B-00C04F79EFBC}") = "Azuredbconnect", "Azuredbconnect\Azuredbconnect.csproj", "{7FB6DCDC-19B1-51E4-F133-E4C175BDE2E4}"
EndProject
Global
	GlobalSection(SolutionConfigurationPlatforms) = preSolution
		Debug|Any CPU = Debug|Any CPU
		Release|Any CPU = Release|Any CPU
	EndGlobalSection
	GlobalSection(ProjectConfigurationPlatforms) = postSolution
		{7FB6DCDC-19B1-51E4-F133-E4C175BDE2E4}.Debug|Any CPU.ActiveCfg = Debug|Any CPU
		{7FB6DCDC-19B1-51E4-F133-E4C175BDE2E4}.Debug|Any CPU.Build.0 = Debug|Any CPU
		{7FB6DCDC-19B1-51E4-F133-E4C175BDE2E4}.Release|Any CPU.ActiveCfg = Release|Any CPU
		{7FB6DCDC-19B1-51E4-F133-E4C175BDE2E4}.Release|Any CPU.Build.0 = Release|Any CPU
	EndGlobalSection
	GlobalSection(SolutionProperties) = preSolution
		HideSolutionNode = FALSE
	EndGlobalSection
	GlobalSection(ExtensibilityGlobals) = postSolution
		SolutionGuid = {BB21DA9E-4DD7-4CFF-AE14-0980B9538FA5}
	EndGlobalSection
EndGlobal
