Microsoft Visual Studio Solution File, Format Version 12.00
# Visual Studio Version 17
VisualStudioVersion = 17.5.2.0
MinimumVisualStudioVersion = 10.0.40219.1
Project("{FAE04EC0-301F-11D3-BF4B-00C04F79EFBC}") = "16-july-2025", "16-july-2025.csproj", "{6F84273F-7DD9-9296-D4C3-689DCE9BFCFF}"
EndProject
Global
	GlobalSection(SolutionConfigurationPlatforms) = preSolution
		Debug|Any CPU = Debug|Any CPU
		Release|Any CPU = Release|Any CPU
	EndGlobalSection
	GlobalSection(ProjectConfigurationPlatforms) = postSolution
		{6F84273F-7DD9-9296-D4C3-689DCE9BFCFF}.Debug|Any CPU.ActiveCfg = Debug|Any CPU
		{6F84273F-7DD9-9296-D4C3-689DCE9BFCFF}.Debug|Any CPU.Build.0 = Debug|Any CPU
		{6F84273F-7DD9-9296-D4C3-689DCE9BFCFF}.Release|Any CPU.ActiveCfg = Release|Any CPU
		{6F84273F-7DD9-9296-D4C3-689DCE9BFCFF}.Release|Any CPU.Build.0 = Release|Any CPU
	EndGlobalSection
	GlobalSection(SolutionProperties) = preSolution
		HideSolutionNode = FALSE
	EndGlobalSection
	GlobalSection(ExtensibilityGlobals) = postSolution
		SolutionGuid = {C80975F2-2DC8-4D2B-BED4-BFC4A68B1124}
	EndGlobalSection
EndGlobal
