Microsoft Visual Studio Solution File, Format Version 12.00
# Visual Studio Version 17
VisualStudioVersion = 17.5.2.0
MinimumVisualStudioVersion = 10.0.40219.1
Project("{FAE04EC0-301F-11D3-BF4B-00C04F79EFBC}") = "VehicleServiceManagement", "VehicleServiceManagement.csproj", "{04FA669E-7888-6796-5E9A-149EDEBAE1C0}"
EndProject
Global
	GlobalSection(SolutionConfigurationPlatforms) = preSolution
		Debug|Any CPU = Debug|Any CPU
		Release|Any CPU = Release|Any CPU
	EndGlobalSection
	GlobalSection(ProjectConfigurationPlatforms) = postSolution
		{04FA669E-7888-6796-5E9A-149EDEBAE1C0}.Debug|Any CPU.ActiveCfg = Debug|Any CPU
		{04FA669E-7888-6796-5E9A-149EDEBAE1C0}.Debug|Any CPU.Build.0 = Debug|Any CPU
		{04FA669E-7888-6796-5E9A-149EDEBAE1C0}.Release|Any CPU.ActiveCfg = Release|Any CPU
		{04FA669E-7888-6796-5E9A-149EDEBAE1C0}.Release|Any CPU.Build.0 = Release|Any CPU
	EndGlobalSection
	GlobalSection(SolutionProperties) = preSolution
		HideSolutionNode = FALSE
	EndGlobalSection
	GlobalSection(ExtensibilityGlobals) = postSolution
		SolutionGuid = {A62D38ED-3154-48D0-9FEE-EE7850E76D9F}
	EndGlobalSection
EndGlobal
