Microsoft Visual Studio Solution File, Format Version 12.00
# Visual Studio Version 17
VisualStudioVersion = 17.5.2.0
MinimumVisualStudioVersion = 10.0.40219.1
Project("{FAE04EC0-301F-11D3-BF4B-00C04F79EFBC}") = "DoctorAppointment", "DoctorAppointment.csproj", "{66FA66FF-6C7D-3760-E7B0-E9965CFFED79}"
EndProject
Global
	GlobalSection(SolutionConfigurationPlatforms) = preSolution
		Debug|Any CPU = Debug|Any CPU
		Release|Any CPU = Release|Any CPU
	EndGlobalSection
	GlobalSection(ProjectConfigurationPlatforms) = postSolution
		{66FA66FF-6C7D-3760-E7B0-E9965CFFED79}.Debug|Any CPU.ActiveCfg = Debug|Any CPU
		{66FA66FF-6C7D-3760-E7B0-E9965CFFED79}.Debug|Any CPU.Build.0 = Debug|Any CPU
		{66FA66FF-6C7D-3760-E7B0-E9965CFFED79}.Release|Any CPU.ActiveCfg = Release|Any CPU
		{66FA66FF-6C7D-3760-E7B0-E9965CFFED79}.Release|Any CPU.Build.0 = Release|Any CPU
	EndGlobalSection
	GlobalSection(SolutionProperties) = preSolution
		HideSolutionNode = FALSE
	EndGlobalSection
	GlobalSection(ExtensibilityGlobals) = postSolution
		SolutionGuid = {9B277D02-737E-4525-A86B-78F0ACB86DE9}
	EndGlobalSection
EndGlobal
